
Microsoft Visual Studio Solution File, Format Version 12.00
# Visual Studio Version 17
VisualStudioVersion = 17.3.32901.215
MinimumVisualStudioVersion = 10.0.40219.1
Project("{FAE04EC0-301F-11D3-BF4B-00C04F79EFBC}") = "Challenge-1-CS", "Challenge-1-CS\Challenge-1-CS.csproj", "{977281CB-E975-4005-838B-E0973C033B69}"
EndProject
Global
	GlobalSection(SolutionConfigurationPlatforms) = preSolution
		Debug|Any CPU = Debug|Any CPU
		Release|Any CPU = Release|Any CPU
	EndGlobalSection
	GlobalSection(ProjectConfigurationPlatforms) = postSolution
		{977281CB-E975-4005-838B-E0973C033B69}.Debug|Any CPU.ActiveCfg = Debug|Any CPU
		{977281CB-E975-4005-838B-E0973C033B69}.Debug|Any CPU.Build.0 = Debug|Any CPU
		{977281CB-E975-4005-838B-E0973C033B69}.Release|Any CPU.ActiveCfg = Release|Any CPU
		{977281CB-E975-4005-838B-E0973C033B69}.Release|Any CPU.Build.0 = Release|Any CPU
	EndGlobalSection
	GlobalSection(SolutionProperties) = preSolution
		HideSolutionNode = FALSE
	EndGlobalSection
	GlobalSection(ExtensibilityGlobals) = postSolution
		SolutionGuid = {815C56A0-9D6F-47B8-9FB6-1DA19D8AD046}
	EndGlobalSection
EndGlobal
